{
  "pins" : [
    {
      "identity" : "everything",
      "kind" : "remoteSourceControl",
      "location" : "https://github.com/schwa/Everything",
      "state" : {
        "branch" : "main",
        "revision" : "24e9dbda60d98d8a1e68b3ff29cadcb7569b58da"
      }
    },
    {
      "identity" : "swift-tree-sitter",
      "kind" : "remoteSourceControl",
      "location" : "https://github.com/schwa/swift-tree-sitter",
      "state" : {
        "branch" : "jwight/cpp_support",
        "revision" : "943e1e4731e0e310ce33e5dba0272dbca8f52430"
      }
    }
  ],
  "version" : 2
}
