{
  "pins" : [
    {
      "identity" : "everything",
      "kind" : "remoteSourceControl",
      "location" : "https://github.com/schwa/Everything",
      "state" : {
        "branch" : "main",
        "revision" : "8c817171ef5684bab4cc7f8b69d5547330bf8546"
      }
    },
    {
      "identity" : "swift-tree-sitter",
      "kind" : "remoteSourceControl",
      "location" : "https://github.com/schwa/swift-tree-sitter",
      "state" : {
        "branch" : "jwight/cpp_support",
        "revision" : "c97191312bcb097bd4762d0259a11968469cad9a"
      }
    }
  ],
  "version" : 2
}
